
Microsoft Visual Studio Solution File, Format Version 12.00
# Visual Studio Version 16
VisualStudioVersion = 16.0.29123.88
MinimumVisualStudioVersion = 10.0.40219.1
Project("{FAE04EC0-301F-11D3-BF4B-00C04F79EFBC}") = "WebAPI", "WebAPI.csproj", "{6BAB540F-0AEC-4C0A-860E-4DB44B5003B1}"
EndProject
Global
	GlobalSection(SolutionConfigurationPlatforms) = preSolution
		Debug|Any CPU = Debug|Any CPU
		Release|Any CPU = Release|Any CPU
	EndGlobalSection
	GlobalSection(ProjectConfigurationPlatforms) = postSolution
		{6BAB540F-0AEC-4C0A-860E-4DB44B5003B1}.Debug|Any CPU.ActiveCfg = Debug|Any CPU
		{6BAB540F-0AEC-4C0A-860E-4DB44B5003B1}.Debug|Any CPU.Build.0 = Debug|Any CPU
		{6BAB540F-0AEC-4C0A-860E-4DB44B5003B1}.Release|Any CPU.ActiveCfg = Release|Any CPU
		{6BAB540F-0AEC-4C0A-860E-4DB44B5003B1}.Release|Any CPU.Build.0 = Release|Any CPU
	EndGlobalSection
	GlobalSection(SolutionProperties) = preSolution
		HideSolutionNode = FALSE
	EndGlobalSection
	GlobalSection(ExtensibilityGlobals) = postSolution
		SolutionGuid = {3F0F55B7-24C0-44F0-97FF-81E57D002C1D}
	EndGlobalSection
EndGlobal
